<?xml version="1.0" encoding="utf-8"?>
<Project ToolsVersion="4.0" xmlns="http://schemas.microsoft.com/developer/msbuild/2003">
  <ItemGroup>
    <Filter Include="네트워크">
      <UniqueIdentifier>{fa0e6842-a157-41ef-a11c-1f956c459151}</UniqueIdentifier>
    </Filter>
    <Filter Include="유틸리티">
      <UniqueIdentifier>{098ab618-d1c8-45b2-9173-aee5052473f1}</UniqueIdentifier>
    </Filter>
  </ItemGroup>
  <ItemGroup>
    <ClInclude Include="pch.h">
      <Filter>유틸리티</Filter>
    </ClInclude>
    <ClInclude Include="CorePch.h">
      <Filter>유틸리티</Filter>
    </ClInclude>
    <ClInclude Include="Types.h">
      <Filter>유틸리티</Filter>
    </ClInclude>
  </ItemGroup>
  <ItemGroup>
    <ClCompile Include="pch.cpp">
      <Filter>유틸리티</Filter>
    </ClCompile>
    <ClCompile Include="CorePch.cpp">
      <Filter>유틸리티</Filter>
    </ClCompile>
  </ItemGroup>
</Project>